
Microsoft Visual Studio Solution File, Format Version 12.00
# Visual Studio 15
VisualStudioVersion = 15.0.27703.2018
MinimumVisualStudioVersion = 10.0.40219.1
Project("{FAE04EC0-301F-11D3-BF4B-00C04F79EFBC}") = "program1", "program1\program1.csproj", "{D88F0B25-6E5A-4ACF-ABEE-6395733B34D9}"
EndProject
Project("{FAE04EC0-301F-11D3-BF4B-00C04F79EFBC}") = "program2", "program2\program2.csproj", "{CE960EAD-978D-41E8-9A34-CC5995D7F548}"
EndProject
Global
	GlobalSection(SolutionConfigurationPlatforms) = preSolution
		Debug|Any CPU = Debug|Any CPU
		Release|Any CPU = Release|Any CPU
	EndGlobalSection
	GlobalSection(ProjectConfigurationPlatforms) = postSolution
		{D88F0B25-6E5A-4ACF-ABEE-6395733B34D9}.Debug|Any CPU.ActiveCfg = Debug|Any CPU
		{D88F0B25-6E5A-4ACF-ABEE-6395733B34D9}.Debug|Any CPU.Build.0 = Debug|Any CPU
		{D88F0B25-6E5A-4ACF-ABEE-6395733B34D9}.Release|Any CPU.ActiveCfg = Release|Any CPU
		{D88F0B25-6E5A-4ACF-ABEE-6395733B34D9}.Release|Any CPU.Build.0 = Release|Any CPU
		{CE960EAD-978D-41E8-9A34-CC5995D7F548}.Debug|Any CPU.ActiveCfg = Debug|Any CPU
		{CE960EAD-978D-41E8-9A34-CC5995D7F548}.Debug|Any CPU.Build.0 = Debug|Any CPU
		{CE960EAD-978D-41E8-9A34-CC5995D7F548}.Release|Any CPU.ActiveCfg = Release|Any CPU
		{CE960EAD-978D-41E8-9A34-CC5995D7F548}.Release|Any CPU.Build.0 = Release|Any CPU
	EndGlobalSection
	GlobalSection(SolutionProperties) = preSolution
		HideSolutionNode = FALSE
	EndGlobalSection
	GlobalSection(ExtensibilityGlobals) = postSolution
		SolutionGuid = {B0AB5FFC-E5D5-4961-823C-182A30F0C44E}
	EndGlobalSection
EndGlobal
